
Microsoft Visual Studio Solution File, Format Version 12.00
# Visual Studio 15
VisualStudioVersion = 15.0.26730.16
MinimumVisualStudioVersion = 10.0.40219.1
Project("{FAE04EC0-301F-11D3-BF4B-00C04F79EFBC}") = "InteropDemo.Domain", "InteropDemo.Domain\InteropDemo.Domain.csproj", "{9EB1665A-7EB5-4B19-883D-1180197E7CA4}"
EndProject
Project("{FAE04EC0-301F-11D3-BF4B-00C04F79EFBC}") = "InteropDemo.Data", "InteropDemo.Data\InteropDemo.Data.csproj", "{0D7292D7-BD7E-4E21-B740-B11883CFDD70}"
EndProject
Project("{FAE04EC0-301F-11D3-BF4B-00C04F79EFBC}") = "InteropDemo.Web", "InteropDemo.Web\InteropDemo.Web.csproj", "{C1EE433A-D766-47B2-A0A5-3FAFD2588054}"
EndProject
Global
	GlobalSection(SolutionConfigurationPlatforms) = preSolution
		Debug|Any CPU = Debug|Any CPU
		Release|Any CPU = Release|Any CPU
	EndGlobalSection
	GlobalSection(ProjectConfigurationPlatforms) = postSolution
		{9EB1665A-7EB5-4B19-883D-1180197E7CA4}.Debug|Any CPU.ActiveCfg = Debug|Any CPU
		{9EB1665A-7EB5-4B19-883D-1180197E7CA4}.Debug|Any CPU.Build.0 = Debug|Any CPU
		{9EB1665A-7EB5-4B19-883D-1180197E7CA4}.Release|Any CPU.ActiveCfg = Release|Any CPU
		{9EB1665A-7EB5-4B19-883D-1180197E7CA4}.Release|Any CPU.Build.0 = Release|Any CPU
		{0D7292D7-BD7E-4E21-B740-B11883CFDD70}.Debug|Any CPU.ActiveCfg = Debug|Any CPU
		{0D7292D7-BD7E-4E21-B740-B11883CFDD70}.Debug|Any CPU.Build.0 = Debug|Any CPU
		{0D7292D7-BD7E-4E21-B740-B11883CFDD70}.Release|Any CPU.ActiveCfg = Release|Any CPU
		{0D7292D7-BD7E-4E21-B740-B11883CFDD70}.Release|Any CPU.Build.0 = Release|Any CPU
		{C1EE433A-D766-47B2-A0A5-3FAFD2588054}.Debug|Any CPU.ActiveCfg = Debug|Any CPU
		{C1EE433A-D766-47B2-A0A5-3FAFD2588054}.Debug|Any CPU.Build.0 = Debug|Any CPU
		{C1EE433A-D766-47B2-A0A5-3FAFD2588054}.Release|Any CPU.ActiveCfg = Release|Any CPU
		{C1EE433A-D766-47B2-A0A5-3FAFD2588054}.Release|Any CPU.Build.0 = Release|Any CPU
	EndGlobalSection
	GlobalSection(SolutionProperties) = preSolution
		HideSolutionNode = FALSE
	EndGlobalSection
	GlobalSection(ExtensibilityGlobals) = postSolution
		SolutionGuid = {5DA78F3C-EE74-42E7-9285-578A0EADD98A}
	EndGlobalSection
EndGlobal
